
Microsoft Visual Studio Solution File, Format Version 12.00
# Visual Studio Version 17
VisualStudioVersion = 17.5.33414.496
MinimumVisualStudioVersion = 10.0.40219.1
Project("{9A19103F-16F7-4668-BE54-9A1E7A4F7556}") = "BasicOperations", "BasicOperations\BasicOperations.csproj", "{789E5D21-A0FC-426E-A35F-A4D4F2B933A4}"
EndProject
Global
	GlobalSection(SolutionConfigurationPlatforms) = preSolution
		Debug|Any CPU = Debug|Any CPU
		Release|Any CPU = Release|Any CPU
	EndGlobalSection
	GlobalSection(ProjectConfigurationPlatforms) = postSolution
		{789E5D21-A0FC-426E-A35F-A4D4F2B933A4}.Debug|Any CPU.ActiveCfg = Debug|Any CPU
		{789E5D21-A0FC-426E-A35F-A4D4F2B933A4}.Debug|Any CPU.Build.0 = Debug|Any CPU
		{789E5D21-A0FC-426E-A35F-A4D4F2B933A4}.Release|Any CPU.ActiveCfg = Release|Any CPU
		{789E5D21-A0FC-426E-A35F-A4D4F2B933A4}.Release|Any CPU.Build.0 = Release|Any CPU
	EndGlobalSection
	GlobalSection(SolutionProperties) = preSolution
		HideSolutionNode = FALSE
	EndGlobalSection
	GlobalSection(ExtensibilityGlobals) = postSolution
		SolutionGuid = {2F2971E8-3746-42A3-83F1-B9740BB68713}
	EndGlobalSection
EndGlobal
